
Microsoft Visual Studio Solution File, Format Version 12.00
# Visual Studio Version 16
VisualStudioVersion = 16.0.29102.190
MinimumVisualStudioVersion = 10.0.40219.1
Project("{FAE04EC0-301F-11D3-BF4B-00C04F79EFBC}") = "AspNetCoreQuickAdmin", "AspNetCoreQuickAdmin\AspNetCoreQuickAdmin.csproj", "{A14C2636-1585-4D70-BAAA-0B6F4B5155E7}"
EndProject
Project("{FAE04EC0-301F-11D3-BF4B-00C04F79EFBC}") = "Services", "Services\Services.csproj", "{15A3B82B-0F8A-4B27-957C-C31835B3AAA9}"
EndProject
Project("{FAE04EC0-301F-11D3-BF4B-00C04F79EFBC}") = "Model", "Model\Model.csproj", "{93F79D47-B897-4E76-B5E9-C1B9B43D010C}"
EndProject
Project("{FAE04EC0-301F-11D3-BF4B-00C04F79EFBC}") = "DAO", "DAO\DAO.csproj", "{9DE09994-1687-4A59-AC24-C4B78DF0E8AB}"
EndProject
Project("{FAE04EC0-301F-11D3-BF4B-00C04F79EFBC}") = "Common", "Common\Common.csproj", "{C9CBD053-0766-44E4-80BA-0C68E517AF60}"
EndProject
Global
	GlobalSection(SolutionConfigurationPlatforms) = preSolution
		Debug|Any CPU = Debug|Any CPU
		Release|Any CPU = Release|Any CPU
	EndGlobalSection
	GlobalSection(ProjectConfigurationPlatforms) = postSolution
		{A14C2636-1585-4D70-BAAA-0B6F4B5155E7}.Debug|Any CPU.ActiveCfg = Debug|Any CPU
		{A14C2636-1585-4D70-BAAA-0B6F4B5155E7}.Debug|Any CPU.Build.0 = Debug|Any CPU
		{A14C2636-1585-4D70-BAAA-0B6F4B5155E7}.Release|Any CPU.ActiveCfg = Release|Any CPU
		{A14C2636-1585-4D70-BAAA-0B6F4B5155E7}.Release|Any CPU.Build.0 = Release|Any CPU
		{15A3B82B-0F8A-4B27-957C-C31835B3AAA9}.Debug|Any CPU.ActiveCfg = Debug|Any CPU
		{15A3B82B-0F8A-4B27-957C-C31835B3AAA9}.Debug|Any CPU.Build.0 = Debug|Any CPU
		{15A3B82B-0F8A-4B27-957C-C31835B3AAA9}.Release|Any CPU.ActiveCfg = Release|Any CPU
		{15A3B82B-0F8A-4B27-957C-C31835B3AAA9}.Release|Any CPU.Build.0 = Release|Any CPU
		{93F79D47-B897-4E76-B5E9-C1B9B43D010C}.Debug|Any CPU.ActiveCfg = Debug|Any CPU
		{93F79D47-B897-4E76-B5E9-C1B9B43D010C}.Debug|Any CPU.Build.0 = Debug|Any CPU
		{93F79D47-B897-4E76-B5E9-C1B9B43D010C}.Release|Any CPU.ActiveCfg = Release|Any CPU
		{93F79D47-B897-4E76-B5E9-C1B9B43D010C}.Release|Any CPU.Build.0 = Release|Any CPU
		{9DE09994-1687-4A59-AC24-C4B78DF0E8AB}.Debug|Any CPU.ActiveCfg = Debug|Any CPU
		{9DE09994-1687-4A59-AC24-C4B78DF0E8AB}.Debug|Any CPU.Build.0 = Debug|Any CPU
		{9DE09994-1687-4A59-AC24-C4B78DF0E8AB}.Release|Any CPU.ActiveCfg = Release|Any CPU
		{9DE09994-1687-4A59-AC24-C4B78DF0E8AB}.Release|Any CPU.Build.0 = Release|Any CPU
		{C9CBD053-0766-44E4-80BA-0C68E517AF60}.Debug|Any CPU.ActiveCfg = Debug|Any CPU
		{C9CBD053-0766-44E4-80BA-0C68E517AF60}.Debug|Any CPU.Build.0 = Debug|Any CPU
		{C9CBD053-0766-44E4-80BA-0C68E517AF60}.Release|Any CPU.ActiveCfg = Release|Any CPU
		{C9CBD053-0766-44E4-80BA-0C68E517AF60}.Release|Any CPU.Build.0 = Release|Any CPU
	EndGlobalSection
	GlobalSection(SolutionProperties) = preSolution
		HideSolutionNode = FALSE
	EndGlobalSection
	GlobalSection(ExtensibilityGlobals) = postSolution
		SolutionGuid = {D8F47D8C-03A3-43F4-956A-279AD4D53007}
	EndGlobalSection
EndGlobal
